
Microsoft Visual Studio Solution File, Format Version 12.00
# Visual Studio Version 17
VisualStudioVersion = 17.5.33516.290
MinimumVisualStudioVersion = 10.0.40219.1
Project("{FAE04EC0-301F-11D3-BF4B-00C04F79EFBC}") = "DataFinder", "DataFinder\DataFinder.csproj", "{F5BB0CC0-47AA-49D3-8008-574431AA6180}"
EndProject
Global
	GlobalSection(SolutionConfigurationPlatforms) = preSolution
		Debug|Any CPU = Debug|Any CPU
		Release|Any CPU = Release|Any CPU
	EndGlobalSection
	GlobalSection(ProjectConfigurationPlatforms) = postSolution
		{F5BB0CC0-47AA-49D3-8008-574431AA6180}.Debug|Any CPU.ActiveCfg = Debug|Any CPU
		{F5BB0CC0-47AA-49D3-8008-574431AA6180}.Debug|Any CPU.Build.0 = Debug|Any CPU
		{F5BB0CC0-47AA-49D3-8008-574431AA6180}.Release|Any CPU.ActiveCfg = Release|Any CPU
		{F5BB0CC0-47AA-49D3-8008-574431AA6180}.Release|Any CPU.Build.0 = Release|Any CPU
	EndGlobalSection
	GlobalSection(SolutionProperties) = preSolution
		HideSolutionNode = FALSE
	EndGlobalSection
	GlobalSection(ExtensibilityGlobals) = postSolution
		SolutionGuid = {BA68DF5E-10AA-44E6-94C5-5D138BEBB4B4}
	EndGlobalSection
EndGlobal
